
Microsoft Visual Studio Solution File, Format Version 12.00
# Visual Studio 15
VisualStudioVersion = 15.0.27004.2009
MinimumVisualStudioVersion = 10.0.40219.1
Project("{00D1A9C2-B5F0-4AF3-8072-F6C62B433612}") = "RomMaster.Server.SqlDatabase", "RomMaster.Server.SqlDatabase\RomMaster.Server.SqlDatabase.sqlproj", "{878BE769-72D1-4213-A243-499601AD79E1}"
EndProject
Project("{2150E333-8FDC-42A3-9474-1A3956D46DE8}") = "Solution Items", "Solution Items", "{1B3888D4-98C1-4E01-B1D0-F584C0C1CFA4}"
	ProjectSection(SolutionItems) = preProject
		nlog.config = nlog.config
	EndProjectSection
EndProject
Project("{9A19103F-16F7-4668-BE54-9A1E7A4F7556}") = "RomMaster.DatFileParser", "RomMaster.DatFileParser\RomMaster.DatFileParser.csproj", "{09426567-8A33-40C1-9D51-29DA7214C6BB}"
EndProject
Project("{9A19103F-16F7-4668-BE54-9A1E7A4F7556}") = "RomMaster.Tests", "RomMaster.Tests\RomMaster.Tests.csproj", "{2B007175-88E3-4BC5-BA60-54874344488B}"
EndProject
Project("{9A19103F-16F7-4668-BE54-9A1E7A4F7556}") = "RomMaster.Console", "RomMaster.Console\RomMaster.Console.csproj", "{D6511A0F-CB43-434B-9F6A-E7323FDDAD8C}"
EndProject
Project("{9A19103F-16F7-4668-BE54-9A1E7A4F7556}") = "RomMaster.BusinessLogic", "RomMaster.BusinessLogic\RomMaster.BusinessLogic.csproj", "{49B60D0B-A985-45A6-B204-0D168AC6CB38}"
EndProject
Project("{9A19103F-16F7-4668-BE54-9A1E7A4F7556}") = "RomMaster.Common", "RomMaster.Common\RomMaster.Common.csproj", "{CDB642A1-F1F3-4881-BAE9-4962EE98569B}"
EndProject
Project("{9A19103F-16F7-4668-BE54-9A1E7A4F7556}") = "RomMaster.Client.Database", "RomMaster.Client.Database\RomMaster.Client.Database.csproj", "{C1C54507-6A2D-44C7-9B84-88668CB1D4C4}"
EndProject
Project("{9A19103F-16F7-4668-BE54-9A1E7A4F7556}") = "RomMaster.Common.Database", "RomMaster.Common.Database\RomMaster.Common.Database.csproj", "{A4FDECD8-5A24-4A74-9DE2-22747DDE24E8}"
EndProject
Global
	GlobalSection(SolutionConfigurationPlatforms) = preSolution
		Debug|Any CPU = Debug|Any CPU
		Release|Any CPU = Release|Any CPU
	EndGlobalSection
	GlobalSection(ProjectConfigurationPlatforms) = postSolution
		{878BE769-72D1-4213-A243-499601AD79E1}.Debug|Any CPU.ActiveCfg = Debug|Any CPU
		{878BE769-72D1-4213-A243-499601AD79E1}.Debug|Any CPU.Build.0 = Debug|Any CPU
		{878BE769-72D1-4213-A243-499601AD79E1}.Debug|Any CPU.Deploy.0 = Debug|Any CPU
		{878BE769-72D1-4213-A243-499601AD79E1}.Release|Any CPU.ActiveCfg = Release|Any CPU
		{878BE769-72D1-4213-A243-499601AD79E1}.Release|Any CPU.Build.0 = Release|Any CPU
		{878BE769-72D1-4213-A243-499601AD79E1}.Release|Any CPU.Deploy.0 = Release|Any CPU
		{09426567-8A33-40C1-9D51-29DA7214C6BB}.Debug|Any CPU.ActiveCfg = Debug|Any CPU
		{09426567-8A33-40C1-9D51-29DA7214C6BB}.Debug|Any CPU.Build.0 = Debug|Any CPU
		{09426567-8A33-40C1-9D51-29DA7214C6BB}.Release|Any CPU.ActiveCfg = Release|Any CPU
		{09426567-8A33-40C1-9D51-29DA7214C6BB}.Release|Any CPU.Build.0 = Release|Any CPU
		{2B007175-88E3-4BC5-BA60-54874344488B}.Debug|Any CPU.ActiveCfg = Debug|Any CPU
		{2B007175-88E3-4BC5-BA60-54874344488B}.Debug|Any CPU.Build.0 = Debug|Any CPU
		{2B007175-88E3-4BC5-BA60-54874344488B}.Release|Any CPU.ActiveCfg = Release|Any CPU
		{2B007175-88E3-4BC5-BA60-54874344488B}.Release|Any CPU.Build.0 = Release|Any CPU
		{D6511A0F-CB43-434B-9F6A-E7323FDDAD8C}.Debug|Any CPU.ActiveCfg = Debug|Any CPU
		{D6511A0F-CB43-434B-9F6A-E7323FDDAD8C}.Debug|Any CPU.Build.0 = Debug|Any CPU
		{D6511A0F-CB43-434B-9F6A-E7323FDDAD8C}.Release|Any CPU.ActiveCfg = Release|Any CPU
		{D6511A0F-CB43-434B-9F6A-E7323FDDAD8C}.Release|Any CPU.Build.0 = Release|Any CPU
		{49B60D0B-A985-45A6-B204-0D168AC6CB38}.Debug|Any CPU.ActiveCfg = Debug|Any CPU
		{49B60D0B-A985-45A6-B204-0D168AC6CB38}.Debug|Any CPU.Build.0 = Debug|Any CPU
		{49B60D0B-A985-45A6-B204-0D168AC6CB38}.Release|Any CPU.ActiveCfg = Release|Any CPU
		{49B60D0B-A985-45A6-B204-0D168AC6CB38}.Release|Any CPU.Build.0 = Release|Any CPU
		{CDB642A1-F1F3-4881-BAE9-4962EE98569B}.Debug|Any CPU.ActiveCfg = Debug|Any CPU
		{CDB642A1-F1F3-4881-BAE9-4962EE98569B}.Debug|Any CPU.Build.0 = Debug|Any CPU
		{CDB642A1-F1F3-4881-BAE9-4962EE98569B}.Release|Any CPU.ActiveCfg = Release|Any CPU
		{CDB642A1-F1F3-4881-BAE9-4962EE98569B}.Release|Any CPU.Build.0 = Release|Any CPU
		{C1C54507-6A2D-44C7-9B84-88668CB1D4C4}.Debug|Any CPU.ActiveCfg = Debug|Any CPU
		{C1C54507-6A2D-44C7-9B84-88668CB1D4C4}.Debug|Any CPU.Build.0 = Debug|Any CPU
		{C1C54507-6A2D-44C7-9B84-88668CB1D4C4}.Release|Any CPU.ActiveCfg = Release|Any CPU
		{C1C54507-6A2D-44C7-9B84-88668CB1D4C4}.Release|Any CPU.Build.0 = Release|Any CPU
		{A4FDECD8-5A24-4A74-9DE2-22747DDE24E8}.Debug|Any CPU.ActiveCfg = Debug|Any CPU
		{A4FDECD8-5A24-4A74-9DE2-22747DDE24E8}.Debug|Any CPU.Build.0 = Debug|Any CPU
		{A4FDECD8-5A24-4A74-9DE2-22747DDE24E8}.Release|Any CPU.ActiveCfg = Release|Any CPU
		{A4FDECD8-5A24-4A74-9DE2-22747DDE24E8}.Release|Any CPU.Build.0 = Release|Any CPU
	EndGlobalSection
	GlobalSection(SolutionProperties) = preSolution
		HideSolutionNode = FALSE
	EndGlobalSection
	GlobalSection(ExtensibilityGlobals) = postSolution
		SolutionGuid = {6F208C0B-8774-4FD1-BD13-D44E05425095}
	EndGlobalSection
EndGlobal
